// !$*UTF8*$!
{
	archiveVersion = 1;
	classes = {
	};
	objectVersion = 46;
	objects = {

/* Begin PBXBuildFile section */
		98216E1515B062940099166B /* RZCacheSchema.h in Headers */ = {isa = PBXBuildFile; fileRef = 98216E1315B062940099166B /* RZCacheSchema.h */; };
		98216E1615B062940099166B /* RZCacheSchema.m in Sources */ = {isa = PBXBuildFile; fileRef = 98216E1415B062940099166B /* RZCacheSchema.m */; };
		985B2CB81594A2C000FADCCA /* RZFileManagerTests.m in Sources */ = {isa = PBXBuildFile; fileRef = 985B2CB71594A2C000FADCCA /* RZFileManagerTests.m */; };
		9885D140159A382A003DECDF /* RZFileCacheSchema.h in Headers */ = {isa = PBXBuildFile; fileRef = 9885D13E159A382A003DECDF /* RZFileCacheSchema.h */; };
		9885D141159A382A003DECDF /* RZFileCacheSchema.m in Sources */ = {isa = PBXBuildFile; fileRef = 9885D13F159A382A003DECDF /* RZFileCacheSchema.m */; };
		CB588CC11453C6730052A336 /* Foundation.framework in Frameworks */ = {isa = PBXBuildFile; fileRef = CB588CC01453C6730052A336 /* Foundation.framework */; };
		CB588CCF1453C6730052A336 /* SenTestingKit.framework in Frameworks */ = {isa = PBXBuildFile; fileRef = CB588CCE1453C6730052A336 /* SenTestingKit.framework */; };
		CB588CD11453C6730052A336 /* UIKit.framework in Frameworks */ = {isa = PBXBuildFile; fileRef = CB588CD01453C6730052A336 /* UIKit.framework */; };
		CB588CD21453C6730052A336 /* Foundation.framework in Frameworks */ = {isa = PBXBuildFile; fileRef = CB588CC01453C6730052A336 /* Foundation.framework */; };
		CB588CD51453C6730052A336 /* libWebServiceManager.a in Frameworks */ = {isa = PBXBuildFile; fileRef = CB588CBD1453C6730052A336 /* libWebServiceManager.a */; };
		CB588CDB1453C6730052A336 /* InfoPlist.strings in Resources */ = {isa = PBXBuildFile; fileRef = CB588CD91453C6730052A336 /* InfoPlist.strings */; };
		CB588CDE1453C6730052A336 /* RZWebServiceManagerTests.m in Sources */ = {isa = PBXBuildFile; fileRef = CB588CDD1453C6730052A336 /* RZWebServiceManagerTests.m */; };
		CB588CEB1453C6B40052A336 /* RZWebServiceManager.h in Headers */ = {isa = PBXBuildFile; fileRef = CB588CE71453C6B40052A336 /* RZWebServiceManager.h */; };
		CB588CEC1453C6B40052A336 /* RZWebServiceManager.m in Sources */ = {isa = PBXBuildFile; fileRef = CB588CE81453C6B40052A336 /* RZWebServiceManager.m */; };
		CB588CED1453C6B40052A336 /* RZWebServiceManager.m in Sources */ = {isa = PBXBuildFile; fileRef = CB588CE81453C6B40052A336 /* RZWebServiceManager.m */; };
		CB588CEE1453C6B40052A336 /* RZWebServiceRequest.h in Headers */ = {isa = PBXBuildFile; fileRef = CB588CE91453C6B40052A336 /* RZWebServiceRequest.h */; };
		CB588CEF1453C6B40052A336 /* RZWebServiceRequest.m in Sources */ = {isa = PBXBuildFile; fileRef = CB588CEA1453C6B40052A336 /* RZWebServiceRequest.m */; };
		CB588CF01453C6B40052A336 /* RZWebServiceRequest.m in Sources */ = {isa = PBXBuildFile; fileRef = CB588CEA1453C6B40052A336 /* RZWebServiceRequest.m */; };
		CB588CF61453C9730052A336 /* WebServiceManagerCalls.plist in Resources */ = {isa = PBXBuildFile; fileRef = CB588CF51453C9730052A336 /* WebServiceManagerCalls.plist */; };
		CBD0D69F15F6EFE3009EDF49 /* NSString+RZMD5.h in Headers */ = {isa = PBXBuildFile; fileRef = CBD0D69D15F6EFE3009EDF49 /* NSString+RZMD5.h */; };
		CBD0D6A015F6EFE3009EDF49 /* NSString+RZMD5.m in Sources */ = {isa = PBXBuildFile; fileRef = CBD0D69E15F6EFE3009EDF49 /* NSString+RZMD5.m */; };
		CBD0D6A115F6EFE3009EDF49 /* NSString+RZMD5.m in Sources */ = {isa = PBXBuildFile; fileRef = CBD0D69E15F6EFE3009EDF49 /* NSString+RZMD5.m */; };
		CBFFEB2C1456589100A003D6 /* raizlabs-logo-sheetrock.png in Resources */ = {isa = PBXBuildFile; fileRef = CBFFEB2B1456589100A003D6 /* raizlabs-logo-sheetrock.png */; };
		CBFFEB2D145658A900A003D6 /* TestData.plist in Resources */ = {isa = PBXBuildFile; fileRef = CBFFEB2A1456570000A003D6 /* TestData.plist */; };
		CBFFEB3414565F1E00A003D6 /* JSONKit.h in Headers */ = {isa = PBXBuildFile; fileRef = CBFFEB3014565F1E00A003D6 /* JSONKit.h */; };
		CBFFEB3514565F1E00A003D6 /* JSONKit.m in Sources */ = {isa = PBXBuildFile; fileRef = CBFFEB3114565F1E00A003D6 /* JSONKit.m */; settings = {COMPILER_FLAGS = "-fno-objc-arc"; }; };
		CBFFEB3614565F1E00A003D6 /* JSONKit.m in Sources */ = {isa = PBXBuildFile; fileRef = CBFFEB3114565F1E00A003D6 /* JSONKit.m */; settings = {COMPILER_FLAGS = "-fno-objc-arc"; }; };
		CBFFEB391456662300A003D6 /* TestData.json in Resources */ = {isa = PBXBuildFile; fileRef = CBFFEB381456662300A003D6 /* TestData.json */; };
		CBFFEC1A1457936000A003D6 /* RZWebService_NSURL.h in Headers */ = {isa = PBXBuildFile; fileRef = CBFFEC181457936000A003D6 /* RZWebService_NSURL.h */; };
		CBFFEC1B1457936000A003D6 /* RZWebService_NSURL.m in Sources */ = {isa = PBXBuildFile; fileRef = CBFFEC191457936000A003D6 /* RZWebService_NSURL.m */; };
		CBFFEC1C1457936000A003D6 /* RZWebService_NSURL.m in Sources */ = {isa = PBXBuildFile; fileRef = CBFFEC191457936000A003D6 /* RZWebService_NSURL.m */; };
		FEC9669D158F723B00E90A65 /* RZFileManager.h in Headers */ = {isa = PBXBuildFile; fileRef = FEC9669B158F723B00E90A65 /* RZFileManager.h */; };
		FEC9669E158F723B00E90A65 /* RZFileManager.m in Sources */ = {isa = PBXBuildFile; fileRef = FEC9669C158F723B00E90A65 /* RZFileManager.m */; };
/* End PBXBuildFile section */

/* Begin PBXContainerItemProxy section */
		CB588CD31453C6730052A336 /* PBXContainerItemProxy */ = {
			isa = PBXContainerItemProxy;
			containerPortal = CB588CB41453C6730052A336 /* Project object */;
			proxyType = 1;
			remoteGlobalIDString = CB588CBC1453C6730052A336;
			remoteInfo = WebServiceManager;
		};
/* End PBXContainerItemProxy section */

/* Begin PBXFileReference section */
		98216E1315B062940099166B /* RZCacheSchema.h */ = {isa = PBXFileReference; fileEncoding = 4; lastKnownFileType = sourcecode.c.h; path = RZCacheSchema.h; sourceTree = "<group>"; };
		98216E1415B062940099166B /* RZCacheSchema.m */ = {isa = PBXFileReference; fileEncoding = 4; lastKnownFileType = sourcecode.c.objc; path = RZCacheSchema.m; sourceTree = "<group>"; };
		985B2CB61594A2C000FADCCA /* RZFileManagerTests.h */ = {isa = PBXFileReference; fileEncoding = 4; lastKnownFileType = sourcecode.c.h; path = RZFileManagerTests.h; sourceTree = "<group>"; };
		985B2CB71594A2C000FADCCA /* RZFileManagerTests.m */ = {isa = PBXFileReference; fileEncoding = 4; lastKnownFileType = sourcecode.c.objc; path = RZFileManagerTests.m; sourceTree = "<group>"; };
		9885D13E159A382A003DECDF /* RZFileCacheSchema.h */ = {isa = PBXFileReference; fileEncoding = 4; lastKnownFileType = sourcecode.c.h; path = RZFileCacheSchema.h; sourceTree = "<group>"; };
		9885D13F159A382A003DECDF /* RZFileCacheSchema.m */ = {isa = PBXFileReference; fileEncoding = 4; lastKnownFileType = sourcecode.c.objc; path = RZFileCacheSchema.m; sourceTree = "<group>"; };
		CB3005AD14C3B95A00B4A5E5 /* postFile.php */ = {isa = PBXFileReference; lastKnownFileType = text.script.php; path = postFile.php; sourceTree = "<group>"; };
		CB588CBD1453C6730052A336 /* libWebServiceManager.a */ = {isa = PBXFileReference; explicitFileType = archive.ar; includeInIndex = 0; path = libWebServiceManager.a; sourceTree = BUILT_PRODUCTS_DIR; };
		CB588CC01453C6730052A336 /* Foundation.framework */ = {isa = PBXFileReference; lastKnownFileType = wrapper.framework; name = Foundation.framework; path = System/Library/Frameworks/Foundation.framework; sourceTree = SDKROOT; };
		CB588CC41453C6730052A336 /* WebServiceManager-Prefix.pch */ = {isa = PBXFileReference; lastKnownFileType = sourcecode.c.h; path = "WebServiceManager-Prefix.pch"; sourceTree = "<group>"; };
		CB588CCD1453C6730052A336 /* WebServiceManagerTests.octest */ = {isa = PBXFileReference; explicitFileType = wrapper.cfbundle; includeInIndex = 0; path = WebServiceManagerTests.octest; sourceTree = BUILT_PRODUCTS_DIR; };
		CB588CCE1453C6730052A336 /* SenTestingKit.framework */ = {isa = PBXFileReference; lastKnownFileType = wrapper.framework; name = SenTestingKit.framework; path = Library/Frameworks/SenTestingKit.framework; sourceTree = DEVELOPER_DIR; };
		CB588CD01453C6730052A336 /* UIKit.framework */ = {isa = PBXFileReference; lastKnownFileType = wrapper.framework; name = UIKit.framework; path = Library/Frameworks/UIKit.framework; sourceTree = DEVELOPER_DIR; };
		CB588CD81453C6730052A336 /* WebServiceManagerTests-Info.plist */ = {isa = PBXFileReference; lastKnownFileType = text.plist.xml; path = "WebServiceManagerTests-Info.plist"; sourceTree = "<group>"; };
		CB588CDA1453C6730052A336 /* en */ = {isa = PBXFileReference; lastKnownFileType = text.plist.strings; name = en; path = en.lproj/InfoPlist.strings; sourceTree = "<group>"; };
		CB588CDC1453C6730052A336 /* RZWebServiceManagerTests.h */ = {isa = PBXFileReference; lastKnownFileType = sourcecode.c.h; path = RZWebServiceManagerTests.h; sourceTree = "<group>"; };
		CB588CDD1453C6730052A336 /* RZWebServiceManagerTests.m */ = {isa = PBXFileReference; lastKnownFileType = sourcecode.c.objc; path = RZWebServiceManagerTests.m; sourceTree = "<group>"; };
		CB588CE71453C6B40052A336 /* RZWebServiceManager.h */ = {isa = PBXFileReference; fileEncoding = 4; lastKnownFileType = sourcecode.c.h; path = RZWebServiceManager.h; sourceTree = "<group>"; };
		CB588CE81453C6B40052A336 /* RZWebServiceManager.m */ = {isa = PBXFileReference; fileEncoding = 4; lastKnownFileType = sourcecode.c.objc; path = RZWebServiceManager.m; sourceTree = "<group>"; };
		CB588CE91453C6B40052A336 /* RZWebServiceRequest.h */ = {isa = PBXFileReference; fileEncoding = 4; lastKnownFileType = sourcecode.c.h; path = RZWebServiceRequest.h; sourceTree = "<group>"; };
		CB588CEA1453C6B40052A336 /* RZWebServiceRequest.m */ = {isa = PBXFileReference; fileEncoding = 4; lastKnownFileType = sourcecode.c.objc; path = RZWebServiceRequest.m; sourceTree = "<group>"; };
		CB588CF51453C9730052A336 /* WebServiceManagerCalls.plist */ = {isa = PBXFileReference; fileEncoding = 4; lastKnownFileType = text.plist.xml; path = WebServiceManagerCalls.plist; sourceTree = "<group>"; };
		CBA1FA8614B4E552005A61B0 /* echoGet.php */ = {isa = PBXFileReference; lastKnownFileType = text.script.php; path = echoGet.php; sourceTree = "<group>"; };
		CBA1FA8714B4E552005A61B0 /* echoHeaders.php */ = {isa = PBXFileReference; lastKnownFileType = text.script.php; path = echoHeaders.php; sourceTree = "<group>"; };
		CBA1FA8814B4E552005A61B0 /* echoPost.php */ = {isa = PBXFileReference; lastKnownFileType = text.script.php; path = echoPost.php; sourceTree = "<group>"; };
		CBD0D69D15F6EFE3009EDF49 /* NSString+RZMD5.h */ = {isa = PBXFileReference; fileEncoding = 4; lastKnownFileType = sourcecode.c.h; path = "NSString+RZMD5.h"; sourceTree = "<group>"; };
		CBD0D69E15F6EFE3009EDF49 /* NSString+RZMD5.m */ = {isa = PBXFileReference; fileEncoding = 4; lastKnownFileType = sourcecode.c.objc; path = "NSString+RZMD5.m"; sourceTree = "<group>"; };
		CBFFEB2A1456570000A003D6 /* TestData.plist */ = {isa = PBXFileReference; fileEncoding = 4; lastKnownFileType = text.plist.xml; path = TestData.plist; sourceTree = "<group>"; };
		CBFFEB2B1456589100A003D6 /* raizlabs-logo-sheetrock.png */ = {isa = PBXFileReference; lastKnownFileType = image.png; path = "raizlabs-logo-sheetrock.png"; sourceTree = "<group>"; };
		CBFFEB3014565F1E00A003D6 /* JSONKit.h */ = {isa = PBXFileReference; fileEncoding = 4; lastKnownFileType = sourcecode.c.h; path = JSONKit.h; sourceTree = "<group>"; };
		CBFFEB3114565F1E00A003D6 /* JSONKit.m */ = {isa = PBXFileReference; fileEncoding = 4; lastKnownFileType = sourcecode.c.objc; path = JSONKit.m; sourceTree = "<group>"; };
		CBFFEB381456662300A003D6 /* TestData.json */ = {isa = PBXFileReference; fileEncoding = 4; lastKnownFileType = text.json; path = TestData.json; sourceTree = "<group>"; };
		CBFFEB3D14566BDD00A003D6 /* README.md */ = {isa = PBXFileReference; fileEncoding = 4; lastKnownFileType = text; path = README.md; sourceTree = "<group>"; };
		CBFFEC181457936000A003D6 /* RZWebService_NSURL.h */ = {isa = PBXFileReference; fileEncoding = 4; lastKnownFileType = sourcecode.c.h; path = RZWebService_NSURL.h; sourceTree = "<group>"; };
		CBFFEC191457936000A003D6 /* RZWebService_NSURL.m */ = {isa = PBXFileReference; fileEncoding = 4; lastKnownFileType = sourcecode.c.objc; path = RZWebService_NSURL.m; sourceTree = "<group>"; };
		FEC9669B158F723B00E90A65 /* RZFileManager.h */ = {isa = PBXFileReference; fileEncoding = 4; lastKnownFileType = sourcecode.c.h; path = RZFileManager.h; sourceTree = "<group>"; };
		FEC9669C158F723B00E90A65 /* RZFileManager.m */ = {isa = PBXFileReference; fileEncoding = 4; lastKnownFileType = sourcecode.c.objc; path = RZFileManager.m; sourceTree = "<group>"; };
/* End PBXFileReference section */

/* Begin PBXFrameworksBuildPhase section */
		CB588CBA1453C6730052A336 /* Frameworks */ = {
			isa = PBXFrameworksBuildPhase;
			buildActionMask = 2147483647;
			files = (
				CB588CC11453C6730052A336 /* Foundation.framework in Frameworks */,
			);
			runOnlyForDeploymentPostprocessing = 0;
		};
		CB588CC91453C6730052A336 /* Frameworks */ = {
			isa = PBXFrameworksBuildPhase;
			buildActionMask = 2147483647;
			files = (
				CB588CCF1453C6730052A336 /* SenTestingKit.framework in Frameworks */,
				CB588CD11453C6730052A336 /* UIKit.framework in Frameworks */,
				CB588CD21453C6730052A336 /* Foundation.framework in Frameworks */,
				CB588CD51453C6730052A336 /* libWebServiceManager.a in Frameworks */,
			);
			runOnlyForDeploymentPostprocessing = 0;
		};
/* End PBXFrameworksBuildPhase section */

/* Begin PBXGroup section */
		98216E1815B066510099166B /* CacheSchema */ = {
			isa = PBXGroup;
			children = (
				9885D13E159A382A003DECDF /* RZFileCacheSchema.h */,
				9885D13F159A382A003DECDF /* RZFileCacheSchema.m */,
				98216E1315B062940099166B /* RZCacheSchema.h */,
				98216E1415B062940099166B /* RZCacheSchema.m */,
			);
			name = CacheSchema;
			sourceTree = "<group>";
		};
		9885D142159A3DF8003DECDF /* Categories */ = {
			isa = PBXGroup;
			children = (
				CBD0D69D15F6EFE3009EDF49 /* NSString+RZMD5.h */,
				CBD0D69E15F6EFE3009EDF49 /* NSString+RZMD5.m */,
				CBFFEC181457936000A003D6 /* RZWebService_NSURL.h */,
				CBFFEC191457936000A003D6 /* RZWebService_NSURL.m */,
			);
			name = Categories;
			sourceTree = "<group>";
		};
		CB588CB21453C6730052A336 = {
			isa = PBXGroup;
			children = (
				CBFFEB3D14566BDD00A003D6 /* README.md */,
				CB588CC21453C6730052A336 /* WebServiceManager */,
				CB588CD61453C6730052A336 /* WebServiceManagerTests */,
				CB588CBF1453C6730052A336 /* Frameworks */,
				CB588CBE1453C6730052A336 /* Products */,
			);
			sourceTree = "<group>";
		};
		CB588CBE1453C6730052A336 /* Products */ = {
			isa = PBXGroup;
			children = (
				CB588CBD1453C6730052A336 /* libWebServiceManager.a */,
				CB588CCD1453C6730052A336 /* WebServiceManagerTests.octest */,
			);
			name = Products;
			sourceTree = "<group>";
		};
		CB588CBF1453C6730052A336 /* Frameworks */ = {
			isa = PBXGroup;
			children = (
				CB588CC01453C6730052A336 /* Foundation.framework */,
				CB588CCE1453C6730052A336 /* SenTestingKit.framework */,
				CB588CD01453C6730052A336 /* UIKit.framework */,
			);
			name = Frameworks;
			sourceTree = "<group>";
		};
		CB588CC21453C6730052A336 /* WebServiceManager */ = {
			isa = PBXGroup;
			children = (
				98216E1815B066510099166B /* CacheSchema */,
				9885D142159A3DF8003DECDF /* Categories */,
				CBFFEB2E14565F1E00A003D6 /* JSONKit */,
				CB588CE71453C6B40052A336 /* RZWebServiceManager.h */,
				CB588CE81453C6B40052A336 /* RZWebServiceManager.m */,
				CB588CE91453C6B40052A336 /* RZWebServiceRequest.h */,
				CB588CEA1453C6B40052A336 /* RZWebServiceRequest.m */,
				FEC9669B158F723B00E90A65 /* RZFileManager.h */,
				FEC9669C158F723B00E90A65 /* RZFileManager.m */,
				CB588CC31453C6730052A336 /* Supporting Files */,
			);
			path = WebServiceManager;
			sourceTree = "<group>";
		};
		CB588CC31453C6730052A336 /* Supporting Files */ = {
			isa = PBXGroup;
			children = (
				CB588CC41453C6730052A336 /* WebServiceManager-Prefix.pch */,
			);
			name = "Supporting Files";
			sourceTree = "<group>";
		};
		CB588CD61453C6730052A336 /* WebServiceManagerTests */ = {
			isa = PBXGroup;
			children = (
				CBFFEB28145656D500A003D6 /* Test Data */,
				CB588CDC1453C6730052A336 /* RZWebServiceManagerTests.h */,
				CB588CDD1453C6730052A336 /* RZWebServiceManagerTests.m */,
				CB588CD71453C6730052A336 /* Supporting Files */,
				CB588CF51453C9730052A336 /* WebServiceManagerCalls.plist */,
				985B2CB61594A2C000FADCCA /* RZFileManagerTests.h */,
				985B2CB71594A2C000FADCCA /* RZFileManagerTests.m */,
			);
			path = WebServiceManagerTests;
			sourceTree = "<group>";
		};
		CB588CD71453C6730052A336 /* Supporting Files */ = {
			isa = PBXGroup;
			children = (
				CB588CD81453C6730052A336 /* WebServiceManagerTests-Info.plist */,
				CB588CD91453C6730052A336 /* InfoPlist.strings */,
			);
			name = "Supporting Files";
			sourceTree = "<group>";
		};
		CBA1FA8514B4E552005A61B0 /* testScripts */ = {
			isa = PBXGroup;
			children = (
				CBA1FA8614B4E552005A61B0 /* echoGet.php */,
				CBA1FA8714B4E552005A61B0 /* echoHeaders.php */,
				CBA1FA8814B4E552005A61B0 /* echoPost.php */,
				CB3005AD14C3B95A00B4A5E5 /* postFile.php */,
			);
			path = testScripts;
			sourceTree = "<group>";
		};
		CBFFEB28145656D500A003D6 /* Test Data */ = {
			isa = PBXGroup;
			children = (
				CBA1FA8514B4E552005A61B0 /* testScripts */,
				CBFFEB2B1456589100A003D6 /* raizlabs-logo-sheetrock.png */,
				CBFFEB2A1456570000A003D6 /* TestData.plist */,
				CBFFEB381456662300A003D6 /* TestData.json */,
			);
			name = "Test Data";
			sourceTree = "<group>";
		};
		CBFFEB2E14565F1E00A003D6 /* JSONKit */ = {
			isa = PBXGroup;
			children = (
				CBFFEB3014565F1E00A003D6 /* JSONKit.h */,
				CBFFEB3114565F1E00A003D6 /* JSONKit.m */,
			);
			path = JSONKit;
			sourceTree = "<group>";
		};
/* End PBXGroup section */

/* Begin PBXHeadersBuildPhase section */
		CB588CBB1453C6730052A336 /* Headers */ = {
			isa = PBXHeadersBuildPhase;
			buildActionMask = 2147483647;
			files = (
				CB588CEB1453C6B40052A336 /* RZWebServiceManager.h in Headers */,
				CB588CEE1453C6B40052A336 /* RZWebServiceRequest.h in Headers */,
				CBFFEB3414565F1E00A003D6 /* JSONKit.h in Headers */,
				CBFFEC1A1457936000A003D6 /* RZWebService_NSURL.h in Headers */,
				FEC9669D158F723B00E90A65 /* RZFileManager.h in Headers */,
				9885D140159A382A003DECDF /* RZFileCacheSchema.h in Headers */,
				98216E1515B062940099166B /* RZCacheSchema.h in Headers */,
				CBD0D69F15F6EFE3009EDF49 /* NSString+RZMD5.h in Headers */,
			);
			runOnlyForDeploymentPostprocessing = 0;
		};
/* End PBXHeadersBuildPhase section */

/* Begin PBXNativeTarget section */
		CB588CBC1453C6730052A336 /* WebServiceManager */ = {
			isa = PBXNativeTarget;
			buildConfigurationList = CB588CE11453C6730052A336 /* Build configuration list for PBXNativeTarget "WebServiceManager" */;
			buildPhases = (
				CB588CB91453C6730052A336 /* Sources */,
				CB588CBA1453C6730052A336 /* Frameworks */,
				CB588CBB1453C6730052A336 /* Headers */,
			);
			buildRules = (
			);
			dependencies = (
			);
			name = WebServiceManager;
			productName = WebServiceManager;
			productReference = CB588CBD1453C6730052A336 /* libWebServiceManager.a */;
			productType = "com.apple.product-type.library.static";
		};
		CB588CCC1453C6730052A336 /* WebServiceManagerTests */ = {
			isa = PBXNativeTarget;
			buildConfigurationList = CB588CE41453C6730052A336 /* Build configuration list for PBXNativeTarget "WebServiceManagerTests" */;
			buildPhases = (
				CB588CC81453C6730052A336 /* Sources */,
				CB588CC91453C6730052A336 /* Frameworks */,
				CB588CCA1453C6730052A336 /* Resources */,
				CB588CCB1453C6730052A336 /* ShellScript */,
			);
			buildRules = (
			);
			dependencies = (
				CB588CD41453C6730052A336 /* PBXTargetDependency */,
			);
			name = WebServiceManagerTests;
			productName = WebServiceManagerTests;
			productReference = CB588CCD1453C6730052A336 /* WebServiceManagerTests.octest */;
			productType = "com.apple.product-type.bundle";
		};
/* End PBXNativeTarget section */

/* Begin PBXProject section */
		CB588CB41453C6730052A336 /* Project object */ = {
			isa = PBXProject;
			attributes = {
				LastUpgradeCheck = 0420;
				ORGANIZATIONNAME = "Raizlabs Corporation";
			};
			buildConfigurationList = CB588CB71453C6730052A336 /* Build configuration list for PBXProject "WebServiceManager" */;
			compatibilityVersion = "Xcode 3.2";
			developmentRegion = English;
			hasScannedForEncodings = 0;
			knownRegions = (
				en,
			);
			mainGroup = CB588CB21453C6730052A336;
			productRefGroup = CB588CBE1453C6730052A336 /* Products */;
			projectDirPath = "";
			projectRoot = "";
			targets = (
				CB588CBC1453C6730052A336 /* WebServiceManager */,
				CB588CCC1453C6730052A336 /* WebServiceManagerTests */,
			);
		};
/* End PBXProject section */

/* Begin PBXResourcesBuildPhase section */
		CB588CCA1453C6730052A336 /* Resources */ = {
			isa = PBXResourcesBuildPhase;
			buildActionMask = 2147483647;
			files = (
				CBFFEB2D145658A900A003D6 /* TestData.plist in Resources */,
				CB588CDB1453C6730052A336 /* InfoPlist.strings in Resources */,
				CB588CF61453C9730052A336 /* WebServiceManagerCalls.plist in Resources */,
				CBFFEB2C1456589100A003D6 /* raizlabs-logo-sheetrock.png in Resources */,
				CBFFEB391456662300A003D6 /* TestData.json in Resources */,
			);
			runOnlyForDeploymentPostprocessing = 0;
		};
/* End PBXResourcesBuildPhase section */

/* Begin PBXShellScriptBuildPhase section */
		CB588CCB1453C6730052A336 /* ShellScript */ = {
			isa = PBXShellScriptBuildPhase;
			buildActionMask = 2147483647;
			files = (
			);
			inputPaths = (
			);
			outputPaths = (
			);
			runOnlyForDeploymentPostprocessing = 0;
			shellPath = /bin/sh;
			shellScript = "# Run the unit tests in this test bundle.\n\"${SYSTEM_DEVELOPER_DIR}/Tools/RunUnitTests\"\n";
		};
/* End PBXShellScriptBuildPhase section */

/* Begin PBXSourcesBuildPhase section */
		CB588CB91453C6730052A336 /* Sources */ = {
			isa = PBXSourcesBuildPhase;
			buildActionMask = 2147483647;
			files = (
				CB588CEC1453C6B40052A336 /* RZWebServiceManager.m in Sources */,
				CB588CEF1453C6B40052A336 /* RZWebServiceRequest.m in Sources */,
				CBFFEB3514565F1E00A003D6 /* JSONKit.m in Sources */,
				CBFFEC1B1457936000A003D6 /* RZWebService_NSURL.m in Sources */,
				FEC9669E158F723B00E90A65 /* RZFileManager.m in Sources */,
				9885D141159A382A003DECDF /* RZFileCacheSchema.m in Sources */,
				98216E1615B062940099166B /* RZCacheSchema.m in Sources */,
				CBD0D6A015F6EFE3009EDF49 /* NSString+RZMD5.m in Sources */,
			);
			runOnlyForDeploymentPostprocessing = 0;
		};
		CB588CC81453C6730052A336 /* Sources */ = {
			isa = PBXSourcesBuildPhase;
			buildActionMask = 2147483647;
			files = (
				CB588CDE1453C6730052A336 /* RZWebServiceManagerTests.m in Sources */,
				CB588CED1453C6B40052A336 /* RZWebServiceManager.m in Sources */,
				CB588CF01453C6B40052A336 /* RZWebServiceRequest.m in Sources */,
				CBFFEB3614565F1E00A003D6 /* JSONKit.m in Sources */,
				CBFFEC1C1457936000A003D6 /* RZWebService_NSURL.m in Sources */,
				985B2CB81594A2C000FADCCA /* RZFileManagerTests.m in Sources */,
				CBD0D6A115F6EFE3009EDF49 /* NSString+RZMD5.m in Sources */,
			);
			runOnlyForDeploymentPostprocessing = 0;
		};
/* End PBXSourcesBuildPhase section */

/* Begin PBXTargetDependency section */
		CB588CD41453C6730052A336 /* PBXTargetDependency */ = {
			isa = PBXTargetDependency;
			target = CB588CBC1453C6730052A336 /* WebServiceManager */;
			targetProxy = CB588CD31453C6730052A336 /* PBXContainerItemProxy */;
		};
/* End PBXTargetDependency section */

/* Begin PBXVariantGroup section */
		CB588CD91453C6730052A336 /* InfoPlist.strings */ = {
			isa = PBXVariantGroup;
			children = (
				CB588CDA1453C6730052A336 /* en */,
			);
			name = InfoPlist.strings;
			sourceTree = "<group>";
		};
/* End PBXVariantGroup section */

/* Begin XCBuildConfiguration section */
		CB588CDF1453C6730052A336 /* Debug */ = {
			isa = XCBuildConfiguration;
			buildSettings = {
				ALWAYS_SEARCH_USER_PATHS = NO;
				ARCHS = "$(ARCHS_STANDARD_32_BIT)";
				CLANG_ENABLE_OBJC_ARC = YES;
				COPY_PHASE_STRIP = NO;
				GCC_C_LANGUAGE_STANDARD = gnu99;
				GCC_DYNAMIC_NO_PIC = NO;
				GCC_OPTIMIZATION_LEVEL = 0;
				GCC_PREPROCESSOR_DEFINITIONS = (
					"DEBUG=1",
					"$(inherited)",
				);
				GCC_SYMBOLS_PRIVATE_EXTERN = NO;
				GCC_VERSION = com.apple.compilers.llvm.clang.1_0;
				GCC_WARN_ABOUT_MISSING_PROTOTYPES = YES;
				GCC_WARN_ABOUT_RETURN_TYPE = YES;
				GCC_WARN_UNUSED_VARIABLE = YES;
				IPHONEOS_DEPLOYMENT_TARGET = 5.0;
				SDKROOT = iphoneos;
			};
			name = Debug;
		};
		CB588CE01453C6730052A336 /* Release */ = {
			isa = XCBuildConfiguration;
			buildSettings = {
				ALWAYS_SEARCH_USER_PATHS = NO;
				ARCHS = "$(ARCHS_STANDARD_32_BIT)";
				CLANG_ENABLE_OBJC_ARC = YES;
				COPY_PHASE_STRIP = YES;
				GCC_C_LANGUAGE_STANDARD = gnu99;
				GCC_VERSION = com.apple.compilers.llvm.clang.1_0;
				GCC_WARN_ABOUT_MISSING_PROTOTYPES = YES;
				GCC_WARN_ABOUT_RETURN_TYPE = YES;
				GCC_WARN_UNUSED_VARIABLE = YES;
				IPHONEOS_DEPLOYMENT_TARGET = 5.0;
				SDKROOT = iphoneos;
				VALIDATE_PRODUCT = YES;
			};
			name = Release;
		};
		CB588CE21453C6730052A336 /* Debug */ = {
			isa = XCBuildConfiguration;
			buildSettings = {
				DSTROOT = /tmp/WebServiceManager.dst;
				GCC_PRECOMPILE_PREFIX_HEADER = YES;
				GCC_PREFIX_HEADER = "WebServiceManager/WebServiceManager-Prefix.pch";
				OTHER_LDFLAGS = "-ObjC";
				PRODUCT_NAME = "$(TARGET_NAME)";
				SKIP_INSTALL = YES;
			};
			name = Debug;
		};
		CB588CE31453C6730052A336 /* Release */ = {
			isa = XCBuildConfiguration;
			buildSettings = {
				DSTROOT = /tmp/WebServiceManager.dst;
				GCC_PRECOMPILE_PREFIX_HEADER = YES;
				GCC_PREFIX_HEADER = "WebServiceManager/WebServiceManager-Prefix.pch";
				OTHER_LDFLAGS = "-ObjC";
				PRODUCT_NAME = "$(TARGET_NAME)";
				SKIP_INSTALL = YES;
			};
			name = Release;
		};
		CB588CE51453C6730052A336 /* Debug */ = {
			isa = XCBuildConfiguration;
			buildSettings = {
				FRAMEWORK_SEARCH_PATHS = (
					"$(SDKROOT)/Developer/Library/Frameworks",
					"$(DEVELOPER_LIBRARY_DIR)/Frameworks",
				);
				GCC_PRECOMPILE_PREFIX_HEADER = YES;
				GCC_PREFIX_HEADER = "WebServiceManager/WebServiceManager-Prefix.pch";
				INFOPLIST_FILE = "WebServiceManagerTests/WebServiceManagerTests-Info.plist";
				PRODUCT_NAME = "$(TARGET_NAME)";
				WRAPPER_EXTENSION = octest;
			};
			name = Debug;
		};
		CB588CE61453C6730052A336 /* Release */ = {
			isa = XCBuildConfiguration;
			buildSettings = {
				FRAMEWORK_SEARCH_PATHS = (
					"$(SDKROOT)/Developer/Library/Frameworks",
					"$(DEVELOPER_LIBRARY_DIR)/Frameworks",
				);
				GCC_PRECOMPILE_PREFIX_HEADER = YES;
				GCC_PREFIX_HEADER = "WebServiceManager/WebServiceManager-Prefix.pch";
				INFOPLIST_FILE = "WebServiceManagerTests/WebServiceManagerTests-Info.plist";
				PRODUCT_NAME = "$(TARGET_NAME)";
				WRAPPER_EXTENSION = octest;
			};
			name = Release;
		};
/* End XCBuildConfiguration section */

/* Begin XCConfigurationList section */
		CB588CB71453C6730052A336 /* Build configuration list for PBXProject "WebServiceManager" */ = {
			isa = XCConfigurationList;
			buildConfigurations = (
				CB588CDF1453C6730052A336 /* Debug */,
				CB588CE01453C6730052A336 /* Release */,
			);
			defaultConfigurationIsVisible = 0;
			defaultConfigurationName = Release;
		};
		CB588CE11453C6730052A336 /* Build configuration list for PBXNativeTarget "WebServiceManager" */ = {
			isa = XCConfigurationList;
			buildConfigurations = (
				CB588CE21453C6730052A336 /* Debug */,
				CB588CE31453C6730052A336 /* Release */,
			);
			defaultConfigurationIsVisible = 0;
			defaultConfigurationName = Release;
		};
		CB588CE41453C6730052A336 /* Build configuration list for PBXNativeTarget "WebServiceManagerTests" */ = {
			isa = XCConfigurationList;
			buildConfigurations = (
				CB588CE51453C6730052A336 /* Debug */,
				CB588CE61453C6730052A336 /* Release */,
			);
			defaultConfigurationIsVisible = 0;
			defaultConfigurationName = Release;
		};
/* End XCConfigurationList section */
	};
	rootObject = CB588CB41453C6730052A336 /* Project object */;
}
